
Microsoft Visual Studio Solution File, Format Version 12.00
# Visual Studio Version 16
VisualStudioVersion = 16.0.30204.135
MinimumVisualStudioVersion = 10.0.40219.1
Project("{FAE04EC0-301F-11D3-BF4B-00C04F79EFBC}") = "Human", "Human\Human.csproj", "{D14912E6-80AD-412F-AC9D-E2BC5FE014E2}"
EndProject
Global
	GlobalSection(SolutionConfigurationPlatforms) = preSolution
		Debug|Any CPU = Debug|Any CPU
		Release|Any CPU = Release|Any CPU
	EndGlobalSection
	GlobalSection(ProjectConfigurationPlatforms) = postSolution
		{D14912E6-80AD-412F-AC9D-E2BC5FE014E2}.Debug|Any CPU.ActiveCfg = Debug|Any CPU
		{D14912E6-80AD-412F-AC9D-E2BC5FE014E2}.Debug|Any CPU.Build.0 = Debug|Any CPU
		{D14912E6-80AD-412F-AC9D-E2BC5FE014E2}.Release|Any CPU.ActiveCfg = Release|Any CPU
		{D14912E6-80AD-412F-AC9D-E2BC5FE014E2}.Release|Any CPU.Build.0 = Release|Any CPU
	EndGlobalSection
	GlobalSection(SolutionProperties) = preSolution
		HideSolutionNode = FALSE
	EndGlobalSection
	GlobalSection(ExtensibilityGlobals) = postSolution
		SolutionGuid = {3FB565D4-04BA-4A9A-AB65-DA916FDF4FC1}
	EndGlobalSection
EndGlobal
